
Microsoft Visual Studio Solution File, Format Version 12.00
# Visual Studio 14
VisualStudioVersion = 14.0.25420.1
MinimumVisualStudioVersion = 10.0.40219.1
Project("{FAE04EC0-301F-11D3-BF4B-00C04F79EFBC}") = "AppBiblio", "AppBiblio\AppBiblio.csproj", "{E5231A27-EFD3-4EEB-82E8-1E010F7824B3}"
EndProject
Project("{FAE04EC0-301F-11D3-BF4B-00C04F79EFBC}") = "HumansLib", "HumansLib\HumansLib.csproj", "{E41E5007-DE1D-4992-B25A-DA3CCA26D34B}"
EndProject
Project("{FAE04EC0-301F-11D3-BF4B-00C04F79EFBC}") = "OuveragesLib", "OuveragesLib\OuveragesLib.csproj", "{026235FA-4009-4F40-9D61-E5A4A4BC9227}"
EndProject
Project("{FAE04EC0-301F-11D3-BF4B-00C04F79EFBC}") = "HumansAuthLib", "AuthLib\HumansAuthLib.csproj", "{89926FA1-EB12-434D-AAD1-CEF7F1EDBDB9}"
EndProject
Project("{FAE04EC0-301F-11D3-BF4B-00C04F79EFBC}") = "BiblioLib", "BiblioLib\BiblioLib.csproj", "{B3F1C015-D971-4701-B3E6-5867F342ECCE}"
EndProject
Project("{FAE04EC0-301F-11D3-BF4B-00C04F79EFBC}") = "HumansDAL", "HumansDAL\HumansDAL.csproj", "{C06455E4-ED02-4DB3-85C0-D231DB44B1E3}"
EndProject
Project("{FAE04EC0-301F-11D3-BF4B-00C04F79EFBC}") = "HumansCRUD", "HumansCRUD\HumansCRUD.csproj", "{9DE020DD-D15D-4964-9467-7100848EDABE}"
EndProject
Project("{2150E333-8FDC-42A3-9474-1A3956D46DE8}") = "Humans", "Humans", "{90CE18E1-DB2A-4812-AC06-98EFDE7D9611}"
EndProject
Project("{2150E333-8FDC-42A3-9474-1A3956D46DE8}") = "Ouvrages", "Ouvrages", "{7AAA192E-E271-409C-973D-27CB189CD7D4}"
EndProject
Project("{FAE04EC0-301F-11D3-BF4B-00C04F79EFBC}") = "OuvragesCRUD", "OuvragesCRUD\OuvragesCRUD.csproj", "{63CFB25A-4FB1-4FF4-8E3C-83C81B58EDD5}"
EndProject
Project("{FAE04EC0-301F-11D3-BF4B-00C04F79EFBC}") = "OuvragesDAL", "OuvragesDAL\OuvragesDAL.csproj", "{350839AA-3E85-413A-9A31-8F060267CB0C}"
EndProject
Project("{2150E333-8FDC-42A3-9474-1A3956D46DE8}") = "clientsApps", "clientsApps", "{B0C3F3A2-5F49-4773-B822-86C68DB838AD}"
EndProject
Project("{2150E333-8FDC-42A3-9474-1A3956D46DE8}") = "server", "server", "{6DE483EE-A3B7-45B1-BE2B-C18F93FFE2EA}"
EndProject
Project("{2150E333-8FDC-42A3-9474-1A3956D46DE8}") = "libs", "libs", "{4FEE7998-046D-4006-BEF1-D241C7CC8797}"
EndProject
Project("{FAE04EC0-301F-11D3-BF4B-00C04F79EFBC}") = "BiblioServerWCF", "BiblioServerWCF\BiblioServerWCF.csproj", "{42AF857C-DFF1-4581-8EFC-FA991FAE9EF1}"
EndProject
Project("{FAE04EC0-301F-11D3-BF4B-00C04F79EFBC}") = "Utils", "Utils\Utils.csproj", "{DAE23F52-6DBC-4C75-BA46-BB56CC12086C}"
EndProject
Project("{FAE04EC0-301F-11D3-BF4B-00C04F79EFBC}") = "tester", "tester\tester.csproj", "{698EEEC9-F3DA-416F-A004-E7A21F686826}"
EndProject
Global
	GlobalSection(SolutionConfigurationPlatforms) = preSolution
		Debug|Any CPU = Debug|Any CPU
		Release|Any CPU = Release|Any CPU
	EndGlobalSection
	GlobalSection(ProjectConfigurationPlatforms) = postSolution
		{E5231A27-EFD3-4EEB-82E8-1E010F7824B3}.Debug|Any CPU.ActiveCfg = Debug|Any CPU
		{E5231A27-EFD3-4EEB-82E8-1E010F7824B3}.Debug|Any CPU.Build.0 = Debug|Any CPU
		{E5231A27-EFD3-4EEB-82E8-1E010F7824B3}.Release|Any CPU.ActiveCfg = Release|Any CPU
		{E5231A27-EFD3-4EEB-82E8-1E010F7824B3}.Release|Any CPU.Build.0 = Release|Any CPU
		{E41E5007-DE1D-4992-B25A-DA3CCA26D34B}.Debug|Any CPU.ActiveCfg = Debug|Any CPU
		{E41E5007-DE1D-4992-B25A-DA3CCA26D34B}.Debug|Any CPU.Build.0 = Debug|Any CPU
		{E41E5007-DE1D-4992-B25A-DA3CCA26D34B}.Release|Any CPU.ActiveCfg = Release|Any CPU
		{E41E5007-DE1D-4992-B25A-DA3CCA26D34B}.Release|Any CPU.Build.0 = Release|Any CPU
		{026235FA-4009-4F40-9D61-E5A4A4BC9227}.Debug|Any CPU.ActiveCfg = Debug|Any CPU
		{026235FA-4009-4F40-9D61-E5A4A4BC9227}.Debug|Any CPU.Build.0 = Debug|Any CPU
		{026235FA-4009-4F40-9D61-E5A4A4BC9227}.Release|Any CPU.ActiveCfg = Release|Any CPU
		{026235FA-4009-4F40-9D61-E5A4A4BC9227}.Release|Any CPU.Build.0 = Release|Any CPU
		{89926FA1-EB12-434D-AAD1-CEF7F1EDBDB9}.Debug|Any CPU.ActiveCfg = Debug|Any CPU
		{89926FA1-EB12-434D-AAD1-CEF7F1EDBDB9}.Debug|Any CPU.Build.0 = Debug|Any CPU
		{89926FA1-EB12-434D-AAD1-CEF7F1EDBDB9}.Release|Any CPU.ActiveCfg = Release|Any CPU
		{89926FA1-EB12-434D-AAD1-CEF7F1EDBDB9}.Release|Any CPU.Build.0 = Release|Any CPU
		{B3F1C015-D971-4701-B3E6-5867F342ECCE}.Debug|Any CPU.ActiveCfg = Debug|Any CPU
		{B3F1C015-D971-4701-B3E6-5867F342ECCE}.Debug|Any CPU.Build.0 = Debug|Any CPU
		{B3F1C015-D971-4701-B3E6-5867F342ECCE}.Release|Any CPU.ActiveCfg = Release|Any CPU
		{B3F1C015-D971-4701-B3E6-5867F342ECCE}.Release|Any CPU.Build.0 = Release|Any CPU
		{C06455E4-ED02-4DB3-85C0-D231DB44B1E3}.Debug|Any CPU.ActiveCfg = Debug|Any CPU
		{C06455E4-ED02-4DB3-85C0-D231DB44B1E3}.Debug|Any CPU.Build.0 = Debug|Any CPU
		{C06455E4-ED02-4DB3-85C0-D231DB44B1E3}.Release|Any CPU.ActiveCfg = Release|Any CPU
		{C06455E4-ED02-4DB3-85C0-D231DB44B1E3}.Release|Any CPU.Build.0 = Release|Any CPU
		{9DE020DD-D15D-4964-9467-7100848EDABE}.Debug|Any CPU.ActiveCfg = Debug|Any CPU
		{9DE020DD-D15D-4964-9467-7100848EDABE}.Debug|Any CPU.Build.0 = Debug|Any CPU
		{9DE020DD-D15D-4964-9467-7100848EDABE}.Release|Any CPU.ActiveCfg = Release|Any CPU
		{9DE020DD-D15D-4964-9467-7100848EDABE}.Release|Any CPU.Build.0 = Release|Any CPU
		{63CFB25A-4FB1-4FF4-8E3C-83C81B58EDD5}.Debug|Any CPU.ActiveCfg = Debug|Any CPU
		{63CFB25A-4FB1-4FF4-8E3C-83C81B58EDD5}.Debug|Any CPU.Build.0 = Debug|Any CPU
		{63CFB25A-4FB1-4FF4-8E3C-83C81B58EDD5}.Release|Any CPU.ActiveCfg = Release|Any CPU
		{63CFB25A-4FB1-4FF4-8E3C-83C81B58EDD5}.Release|Any CPU.Build.0 = Release|Any CPU
		{350839AA-3E85-413A-9A31-8F060267CB0C}.Debug|Any CPU.ActiveCfg = Debug|Any CPU
		{350839AA-3E85-413A-9A31-8F060267CB0C}.Debug|Any CPU.Build.0 = Debug|Any CPU
		{350839AA-3E85-413A-9A31-8F060267CB0C}.Release|Any CPU.ActiveCfg = Release|Any CPU
		{350839AA-3E85-413A-9A31-8F060267CB0C}.Release|Any CPU.Build.0 = Release|Any CPU
		{42AF857C-DFF1-4581-8EFC-FA991FAE9EF1}.Debug|Any CPU.ActiveCfg = Debug|Any CPU
		{42AF857C-DFF1-4581-8EFC-FA991FAE9EF1}.Debug|Any CPU.Build.0 = Debug|Any CPU
		{42AF857C-DFF1-4581-8EFC-FA991FAE9EF1}.Release|Any CPU.ActiveCfg = Release|Any CPU
		{42AF857C-DFF1-4581-8EFC-FA991FAE9EF1}.Release|Any CPU.Build.0 = Release|Any CPU
		{DAE23F52-6DBC-4C75-BA46-BB56CC12086C}.Debug|Any CPU.ActiveCfg = Debug|Any CPU
		{DAE23F52-6DBC-4C75-BA46-BB56CC12086C}.Debug|Any CPU.Build.0 = Debug|Any CPU
		{DAE23F52-6DBC-4C75-BA46-BB56CC12086C}.Release|Any CPU.ActiveCfg = Release|Any CPU
		{DAE23F52-6DBC-4C75-BA46-BB56CC12086C}.Release|Any CPU.Build.0 = Release|Any CPU
		{698EEEC9-F3DA-416F-A004-E7A21F686826}.Debug|Any CPU.ActiveCfg = Debug|Any CPU
		{698EEEC9-F3DA-416F-A004-E7A21F686826}.Debug|Any CPU.Build.0 = Debug|Any CPU
		{698EEEC9-F3DA-416F-A004-E7A21F686826}.Release|Any CPU.ActiveCfg = Release|Any CPU
		{698EEEC9-F3DA-416F-A004-E7A21F686826}.Release|Any CPU.Build.0 = Release|Any CPU
	EndGlobalSection
	GlobalSection(SolutionProperties) = preSolution
		HideSolutionNode = FALSE
	EndGlobalSection
	GlobalSection(NestedProjects) = preSolution
		{E5231A27-EFD3-4EEB-82E8-1E010F7824B3} = {B0C3F3A2-5F49-4773-B822-86C68DB838AD}
		{E41E5007-DE1D-4992-B25A-DA3CCA26D34B} = {90CE18E1-DB2A-4812-AC06-98EFDE7D9611}
		{026235FA-4009-4F40-9D61-E5A4A4BC9227} = {7AAA192E-E271-409C-973D-27CB189CD7D4}
		{89926FA1-EB12-434D-AAD1-CEF7F1EDBDB9} = {90CE18E1-DB2A-4812-AC06-98EFDE7D9611}
		{B3F1C015-D971-4701-B3E6-5867F342ECCE} = {4FEE7998-046D-4006-BEF1-D241C7CC8797}
		{C06455E4-ED02-4DB3-85C0-D231DB44B1E3} = {90CE18E1-DB2A-4812-AC06-98EFDE7D9611}
		{9DE020DD-D15D-4964-9467-7100848EDABE} = {90CE18E1-DB2A-4812-AC06-98EFDE7D9611}
		{90CE18E1-DB2A-4812-AC06-98EFDE7D9611} = {4FEE7998-046D-4006-BEF1-D241C7CC8797}
		{7AAA192E-E271-409C-973D-27CB189CD7D4} = {4FEE7998-046D-4006-BEF1-D241C7CC8797}
		{63CFB25A-4FB1-4FF4-8E3C-83C81B58EDD5} = {7AAA192E-E271-409C-973D-27CB189CD7D4}
		{350839AA-3E85-413A-9A31-8F060267CB0C} = {7AAA192E-E271-409C-973D-27CB189CD7D4}
		{42AF857C-DFF1-4581-8EFC-FA991FAE9EF1} = {6DE483EE-A3B7-45B1-BE2B-C18F93FFE2EA}
		{DAE23F52-6DBC-4C75-BA46-BB56CC12086C} = {4FEE7998-046D-4006-BEF1-D241C7CC8797}
	EndGlobalSection
EndGlobal
